// !$*UTF8*$!
{
	archiveVersion = 1;
	classes = {
	};
	objectVersion = 77;
	objects = {

/* Begin PBXContainerItemProxy section */
		C9CB5D5B2E27851000043CD9 /* PBXContainerItemProxy */ = {
			isa = PBXContainerItemProxy;
			containerPortal = C9CB5D452E27850F00043CD9 /* Project object */;
			proxyType = 1;
			remoteGlobalIDString = C9CB5D4C2E27850F00043CD9;
			remoteInfo = PDFtts;
		};
		C9CB5D652E27851000043CD9 /* PBXContainerItemProxy */ = {
			isa = PBXContainerItemProxy;
			containerPortal = C9CB5D452E27850F00043CD9 /* Project object */;
			proxyType = 1;
			remoteGlobalIDString = C9CB5D4C2E27850F00043CD9;
			remoteInfo = PDFtts;
		};
/* End PBXContainerItemProxy section */

/* Begin PBXFileReference section */
		C9CB5D4D2E27850F00043CD9 /* PDFtts.app */ = {isa = PBXFileReference; explicitFileType = wrapper.application; includeInIndex = 0; path = PDFtts.app; sourceTree = BUILT_PRODUCTS_DIR; };
		C9CB5D5A2E27851000043CD9 /* PDFttsTests.xctest */ = {isa = PBXFileReference; explicitFileType = wrapper.cfbundle; includeInIndex = 0; path = PDFttsTests.xctest; sourceTree = BUILT_PRODUCTS_DIR; };
		C9CB5D642E27851000043CD9 /* PDFttsUITests.xctest */ = {isa = PBXFileReference; explicitFileType = wrapper.cfbundle; includeInIndex = 0; path = PDFttsUITests.xctest; sourceTree = BUILT_PRODUCTS_DIR; };
/* End PBXFileReference section */

/* Begin PBXFileSystemSynchronizedBuildFileExceptionSet section */
		C9CB5D852E279E9B00043CD9 /* Exceptions for "PDFttsUITests" folder in "PDFtts" target */ = {
			isa = PBXFileSystemSynchronizedBuildFileExceptionSet;
			membershipExceptions = (
				today.pdf,
			);
			target = C9CB5D4C2E27850F00043CD9 /* PDFtts */;
		};
		C9CB5D862E279E9B00043CD9 /* Exceptions for "PDFttsUITests" folder in "PDFttsUITests" target */ = {
			isa = PBXFileSystemSynchronizedBuildFileExceptionSet;
			membershipExceptions = (
				today.pdf,
			);
			target = C9CB5D632E27851000043CD9 /* PDFttsUITests */;
		};
		C9CB5DED2E28153900043CD9 /* Exceptions for "PDFtts" folder in "PDFtts" target */ = {
			isa = PBXFileSystemSynchronizedBuildFileExceptionSet;
			membershipExceptions = (
				Info.plist,
			);
			target = C9CB5D4C2E27850F00043CD9 /* PDFtts */;
		};
/* End PBXFileSystemSynchronizedBuildFileExceptionSet section */

/* Begin PBXFileSystemSynchronizedRootGroup section */
		C9CB5D4F2E27850F00043CD9 /* PDFtts */ = {
			isa = PBXFileSystemSynchronizedRootGroup;
			exceptions = (
				C9CB5DED2E28153900043CD9 /* Exceptions for "PDFtts" folder in "PDFtts" target */,
			);
			path = PDFtts;
			sourceTree = "<group>";
		};
		C9CB5D5D2E27851000043CD9 /* PDFttsTests */ = {
			isa = PBXFileSystemSynchronizedRootGroup;
			path = PDFttsTests;
			sourceTree = "<group>";
		};
		C9CB5D672E27851000043CD9 /* PDFttsUITests */ = {
			isa = PBXFileSystemSynchronizedRootGroup;
			exceptions = (
				C9CB5D852E279E9B00043CD9 /* Exceptions for "PDFttsUITests" folder in "PDFtts" target */,
				C9CB5D862E279E9B00043CD9 /* Exceptions for "PDFttsUITests" folder in "PDFttsUITests" target */,
			);
			path = PDFttsUITests;
			sourceTree = "<group>";
		};
/* End PBXFileSystemSynchronizedRootGroup section */

/* Begin PBXFrameworksBuildPhase section */
		C9CB5D4A2E27850F00043CD9 /* Frameworks */ = {
			isa = PBXFrameworksBuildPhase;
			buildActionMask = 2147483647;
			files = (
			);
			runOnlyForDeploymentPostprocessing = 0;
		};
		C9CB5D572E27851000043CD9 /* Frameworks */ = {
			isa = PBXFrameworksBuildPhase;
			buildActionMask = 2147483647;
			files = (
			);
			runOnlyForDeploymentPostprocessing = 0;
		};
		C9CB5D612E27851000043CD9 /* Frameworks */ = {
			isa = PBXFrameworksBuildPhase;
			buildActionMask = 2147483647;
			files = (
			);
			runOnlyForDeploymentPostprocessing = 0;
		};
/* End PBXFrameworksBuildPhase section */

/* Begin PBXGroup section */
		C9CB5D442E27850F00043CD9 = {
			isa = PBXGroup;
			children = (
				C9CB5D4F2E27850F00043CD9 /* PDFtts */,
				C9CB5D5D2E27851000043CD9 /* PDFttsTests */,
				C9CB5D672E27851000043CD9 /* PDFttsUITests */,
				C9CB5D4E2E27850F00043CD9 /* Products */,
			);
			sourceTree = "<group>";
		};
		C9CB5D4E2E27850F00043CD9 /* Products */ = {
			isa = PBXGroup;
			children = (
				C9CB5D4D2E27850F00043CD9 /* PDFtts.app */,
				C9CB5D5A2E27851000043CD9 /* PDFttsTests.xctest */,
				C9CB5D642E27851000043CD9 /* PDFttsUITests.xctest */,
			);
			name = Products;
			sourceTree = "<group>";
		};
/* End PBXGroup section */

/* Begin PBXNativeTarget section */
		C9CB5D4C2E27850F00043CD9 /* PDFtts */ = {
			isa = PBXNativeTarget;
			buildConfigurationList = C9CB5D6E2E27851000043CD9 /* Build configuration list for PBXNativeTarget "PDFtts" */;
			buildPhases = (
				C9CB5D492E27850F00043CD9 /* Sources */,
				C9CB5D4A2E27850F00043CD9 /* Frameworks */,
				C9CB5D4B2E27850F00043CD9 /* Resources */,
			);
			buildRules = (
			);
			dependencies = (
			);
			fileSystemSynchronizedGroups = (
				C9CB5D4F2E27850F00043CD9 /* PDFtts */,
			);
			name = PDFtts;
			packageProductDependencies = (
			);
			productName = PDFtts;
			productReference = C9CB5D4D2E27850F00043CD9 /* PDFtts.app */;
			productType = "com.apple.product-type.application";
		};
		C9CB5D592E27851000043CD9 /* PDFttsTests */ = {
			isa = PBXNativeTarget;
			buildConfigurationList = C9CB5D712E27851000043CD9 /* Build configuration list for PBXNativeTarget "PDFttsTests" */;
			buildPhases = (
				C9CB5D562E27851000043CD9 /* Sources */,
				C9CB5D572E27851000043CD9 /* Frameworks */,
				C9CB5D582E27851000043CD9 /* Resources */,
			);
			buildRules = (
			);
			dependencies = (
				C9CB5D5C2E27851000043CD9 /* PBXTargetDependency */,
			);
			fileSystemSynchronizedGroups = (
				C9CB5D5D2E27851000043CD9 /* PDFttsTests */,
			);
			name = PDFttsTests;
			packageProductDependencies = (
			);
			productName = PDFttsTests;
			productReference = C9CB5D5A2E27851000043CD9 /* PDFttsTests.xctest */;
			productType = "com.apple.product-type.bundle.unit-test";
		};
		C9CB5D632E27851000043CD9 /* PDFttsUITests */ = {
			isa = PBXNativeTarget;
			buildConfigurationList = C9CB5D742E27851000043CD9 /* Build configuration list for PBXNativeTarget "PDFttsUITests" */;
			buildPhases = (
				C9CB5D602E27851000043CD9 /* Sources */,
				C9CB5D612E27851000043CD9 /* Frameworks */,
				C9CB5D622E27851000043CD9 /* Resources */,
			);
			buildRules = (
			);
			dependencies = (
				C9CB5D662E27851000043CD9 /* PBXTargetDependency */,
			);
			fileSystemSynchronizedGroups = (
				C9CB5D672E27851000043CD9 /* PDFttsUITests */,
			);
			name = PDFttsUITests;
			packageProductDependencies = (
			);
			productName = PDFttsUITests;
			productReference = C9CB5D642E27851000043CD9 /* PDFttsUITests.xctest */;
			productType = "com.apple.product-type.bundle.ui-testing";
		};
/* End PBXNativeTarget section */

/* Begin PBXProject section */
		C9CB5D452E27850F00043CD9 /* Project object */ = {
			isa = PBXProject;
			attributes = {
				BuildIndependentTargetsInParallel = 1;
				LastSwiftUpdateCheck = 1640;
				LastUpgradeCheck = 1640;
				TargetAttributes = {
					C9CB5D4C2E27850F00043CD9 = {
						CreatedOnToolsVersion = 16.4;
					};
					C9CB5D592E27851000043CD9 = {
						CreatedOnToolsVersion = 16.4;
						TestTargetID = C9CB5D4C2E27850F00043CD9;
					};
					C9CB5D632E27851000043CD9 = {
						CreatedOnToolsVersion = 16.4;
						TestTargetID = C9CB5D4C2E27850F00043CD9;
					};
				};
			};
			buildConfigurationList = C9CB5D482E27850F00043CD9 /* Build configuration list for PBXProject "PDFtts" */;
			developmentRegion = en;
			hasScannedForEncodings = 0;
			knownRegions = (
				en,
				Base,
			);
			mainGroup = C9CB5D442E27850F00043CD9;
			minimizedProjectReferenceProxies = 1;
			preferredProjectObjectVersion = 77;
			productRefGroup = C9CB5D4E2E27850F00043CD9 /* Products */;
			projectDirPath = "";
			projectRoot = "";
			targets = (
				C9CB5D4C2E27850F00043CD9 /* PDFtts */,
				C9CB5D592E27851000043CD9 /* PDFttsTests */,
				C9CB5D632E27851000043CD9 /* PDFttsUITests */,
			);
		};
/* End PBXProject section */

/* Begin PBXResourcesBuildPhase section */
		C9CB5D4B2E27850F00043CD9 /* Resources */ = {
			isa = PBXResourcesBuildPhase;
			buildActionMask = 2147483647;
			files = (
			);
			runOnlyForDeploymentPostprocessing = 0;
		};
		C9CB5D582E27851000043CD9 /* Resources */ = {
			isa = PBXResourcesBuildPhase;
			buildActionMask = 2147483647;
			files = (
			);
			runOnlyForDeploymentPostprocessing = 0;
		};
		C9CB5D622E27851000043CD9 /* Resources */ = {
			isa = PBXResourcesBuildPhase;
			buildActionMask = 2147483647;
			files = (
			);
			runOnlyForDeploymentPostprocessing = 0;
		};
/* End PBXResourcesBuildPhase section */

/* Begin PBXSourcesBuildPhase section */
		C9CB5D492E27850F00043CD9 /* Sources */ = {
			isa = PBXSourcesBuildPhase;
			buildActionMask = 2147483647;
			files = (
			);
			runOnlyForDeploymentPostprocessing = 0;
		};
		C9CB5D562E27851000043CD9 /* Sources */ = {
			isa = PBXSourcesBuildPhase;
			buildActionMask = 2147483647;
			files = (
			);
			runOnlyForDeploymentPostprocessing = 0;
		};
		C9CB5D602E27851000043CD9 /* Sources */ = {
			isa = PBXSourcesBuildPhase;
			buildActionMask = 2147483647;
			files = (
			);
			runOnlyForDeploymentPostprocessing = 0;
		};
/* End PBXSourcesBuildPhase section */

/* Begin PBXTargetDependency section */
		C9CB5D5C2E27851000043CD9 /* PBXTargetDependency */ = {
			isa = PBXTargetDependency;
			target = C9CB5D4C2E27850F00043CD9 /* PDFtts */;
			targetProxy = C9CB5D5B2E27851000043CD9 /* PBXContainerItemProxy */;
		};
		C9CB5D662E27851000043CD9 /* PBXTargetDependency */ = {
			isa = PBXTargetDependency;
			target = C9CB5D4C2E27850F00043CD9 /* PDFtts */;
			targetProxy = C9CB5D652E27851000043CD9 /* PBXContainerItemProxy */;
		};
/* End PBXTargetDependency section */

/* Begin XCBuildConfiguration section */
		C9CB5D6C2E27851000043CD9 /* Debug */ = {
			isa = XCBuildConfiguration;
			buildSettings = {
				ALWAYS_SEARCH_USER_PATHS = NO;
				ASSETCATALOG_COMPILER_GENERATE_SWIFT_ASSET_SYMBOL_EXTENSIONS = YES;
				CLANG_ANALYZER_NONNULL = YES;
				CLANG_ANALYZER_NUMBER_OBJECT_CONVERSION = YES_AGGRESSIVE;
				CLANG_CXX_LANGUAGE_STANDARD = "gnu++20";
				CLANG_ENABLE_MODULES = YES;
				CLANG_ENABLE_OBJC_ARC = YES;
				CLANG_ENABLE_OBJC_WEAK = YES;
				CLANG_WARN_BLOCK_CAPTURE_AUTORELEASING = YES;
				CLANG_WARN_BOOL_CONVERSION = YES;
				CLANG_WARN_COMMA = YES;
				CLANG_WARN_CONSTANT_CONVERSION = YES;
				CLANG_WARN_DEPRECATED_OBJC_IMPLEMENTATIONS = YES;
				CLANG_WARN_DIRECT_OBJC_ISA_USAGE = YES_ERROR;
				CLANG_WARN_DOCUMENTATION_COMMENTS = YES;
				CLANG_WARN_EMPTY_BODY = YES;
				CLANG_WARN_ENUM_CONVERSION = YES;
				CLANG_WARN_INFINITE_RECURSION = YES;
				CLANG_WARN_INT_CONVERSION = YES;
				CLANG_WARN_NON_LITERAL_NULL_CONVERSION = YES;
				CLANG_WARN_OBJC_IMPLICIT_RETAIN_SELF = YES;
				CLANG_WARN_OBJC_LITERAL_CONVERSION = YES;
				CLANG_WARN_OBJC_ROOT_CLASS = YES_ERROR;
				CLANG_WARN_QUOTED_INCLUDE_IN_FRAMEWORK_HEADER = YES;
				CLANG_WARN_RANGE_LOOP_ANALYSIS = YES;
				CLANG_WARN_STRICT_PROTOTYPES = YES;
				CLANG_WARN_SUSPICIOUS_MOVE = YES;
				CLANG_WARN_UNGUARDED_AVAILABILITY = YES_AGGRESSIVE;
				CLANG_WARN_UNREACHABLE_CODE = YES;
				CLANG_WARN__DUPLICATE_METHOD_MATCH = YES;
				COPY_PHASE_STRIP = NO;
				DEBUG_INFORMATION_FORMAT = dwarf;
				ENABLE_STRICT_OBJC_MSGSEND = YES;
				ENABLE_TESTABILITY = YES;
				ENABLE_USER_SCRIPT_SANDBOXING = YES;
				GCC_C_LANGUAGE_STANDARD = gnu17;
				GCC_DYNAMIC_NO_PIC = NO;
				GCC_NO_COMMON_BLOCKS = YES;
				GCC_OPTIMIZATION_LEVEL = 0;
				GCC_PREPROCESSOR_DEFINITIONS = (
					"DEBUG=1",
					"$(inherited)",
				);
				GCC_WARN_64_TO_32_BIT_CONVERSION = YES;
				GCC_WARN_ABOUT_RETURN_TYPE = YES_ERROR;
				GCC_WARN_UNDECLARED_SELECTOR = YES;
				GCC_WARN_UNINITIALIZED_AUTOS = YES_AGGRESSIVE;
				GCC_WARN_UNUSED_FUNCTION = YES;
				GCC_WARN_UNUSED_VARIABLE = YES;
				IPHONEOS_DEPLOYMENT_TARGET = 18.5;
				LOCALIZATION_PREFERS_STRING_CATALOGS = YES;
				MTL_ENABLE_DEBUG_INFO = INCLUDE_SOURCE;
				MTL_FAST_MATH = YES;
				ONLY_ACTIVE_ARCH = YES;
				SDKROOT = iphoneos;
				SWIFT_ACTIVE_COMPILATION_CONDITIONS = "DEBUG $(inherited)";
				SWIFT_OPTIMIZATION_LEVEL = "-Onone";
			};
			name = Debug;
		};
		C9CB5D6D2E27851000043CD9 /* Release */ = {
			isa = XCBuildConfiguration;
			buildSettings = {
				ALWAYS_SEARCH_USER_PATHS = NO;
				ASSETCATALOG_COMPILER_GENERATE_SWIFT_ASSET_SYMBOL_EXTENSIONS = YES;
				CLANG_ANALYZER_NONNULL = YES;
				CLANG_ANALYZER_NUMBER_OBJECT_CONVERSION = YES_AGGRESSIVE;
				CLANG_CXX_LANGUAGE_STANDARD = "gnu++20";
				CLANG_ENABLE_MODULES = YES;
				CLANG_ENABLE_OBJC_ARC = YES;
				CLANG_ENABLE_OBJC_WEAK = YES;
				CLANG_WARN_BLOCK_CAPTURE_AUTORELEASING = YES;
				CLANG_WARN_BOOL_CONVERSION = YES;
				CLANG_WARN_COMMA = YES;
				CLANG_WARN_CONSTANT_CONVERSION = YES;
				CLANG_WARN_DEPRECATED_OBJC_IMPLEMENTATIONS = YES;
				CLANG_WARN_DIRECT_OBJC_ISA_USAGE = YES_ERROR;
				CLANG_WARN_DOCUMENTATION_COMMENTS = YES;
				CLANG_WARN_EMPTY_BODY = YES;
				CLANG_WARN_ENUM_CONVERSION = YES;
				CLANG_WARN_INFINITE_RECURSION = YES;
				CLANG_WARN_INT_CONVERSION = YES;
				CLANG_WARN_NON_LITERAL_NULL_CONVERSION = YES;
				CLANG_WARN_OBJC_IMPLICIT_RETAIN_SELF = YES;
				CLANG_WARN_OBJC_LITERAL_CONVERSION = YES;
				CLANG_WARN_OBJC_ROOT_CLASS = YES_ERROR;
				CLANG_WARN_QUOTED_INCLUDE_IN_FRAMEWORK_HEADER = YES;
				CLANG_WARN_RANGE_LOOP_ANALYSIS = YES;
				CLANG_WARN_STRICT_PROTOTYPES = YES;
				CLANG_WARN_SUSPICIOUS_MOVE = YES;
				CLANG_WARN_UNGUARDED_AVAILABILITY = YES_AGGRESSIVE;
				CLANG_WARN_UNREACHABLE_CODE = YES;
				CLANG_WARN__DUPLICATE_METHOD_MATCH = YES;
				COPY_PHASE_STRIP = NO;
				DEBUG_INFORMATION_FORMAT = "dwarf-with-dsym";
				ENABLE_NS_ASSERTIONS = NO;
				ENABLE_STRICT_OBJC_MSGSEND = YES;
				ENABLE_USER_SCRIPT_SANDBOXING = YES;
				GCC_C_LANGUAGE_STANDARD = gnu17;
				GCC_NO_COMMON_BLOCKS = YES;
				GCC_WARN_64_TO_32_BIT_CONVERSION = YES;
				GCC_WARN_ABOUT_RETURN_TYPE = YES_ERROR;
				GCC_WARN_UNDECLARED_SELECTOR = YES;
				GCC_WARN_UNINITIALIZED_AUTOS = YES_AGGRESSIVE;
				GCC_WARN_UNUSED_FUNCTION = YES;
				GCC_WARN_UNUSED_VARIABLE = YES;
				IPHONEOS_DEPLOYMENT_TARGET = 18.5;
				LOCALIZATION_PREFERS_STRING_CATALOGS = YES;
				MTL_ENABLE_DEBUG_INFO = NO;
				MTL_FAST_MATH = YES;
				SDKROOT = iphoneos;
				SWIFT_COMPILATION_MODE = wholemodule;
				VALIDATE_PRODUCT = YES;
			};
			name = Release;
		};
		C9CB5D6F2E27851000043CD9 /* Debug */ = {
			isa = XCBuildConfiguration;
			buildSettings = {
				ASSETCATALOG_COMPILER_APPICON_NAME = AppIcon;
				ASSETCATALOG_COMPILER_GLOBAL_ACCENT_COLOR_NAME = AccentColor;
				CODE_SIGN_STYLE = Automatic;
				CURRENT_PROJECT_VERSION = 1;
				DEVELOPMENT_TEAM = VM67MBLKD4;
				ENABLE_PREVIEWS = YES;
				GENERATE_INFOPLIST_FILE = YES;
				INFOPLIST_FILE = PDFtts/Info.plist;
				INFOPLIST_KEY_UIApplicationSceneManifest_Generation = YES;
				INFOPLIST_KEY_UIApplicationSupportsIndirectInputEvents = YES;
				INFOPLIST_KEY_UILaunchScreen_Generation = YES;
				INFOPLIST_KEY_UISupportedInterfaceOrientations_iPad = "UIInterfaceOrientationPortrait UIInterfaceOrientationPortraitUpsideDown UIInterfaceOrientationLandscapeLeft UIInterfaceOrientationLandscapeRight";
				INFOPLIST_KEY_UISupportedInterfaceOrientations_iPhone = "UIInterfaceOrientationPortrait UIInterfaceOrientationLandscapeLeft UIInterfaceOrientationLandscapeRight";
				LD_RUNPATH_SEARCH_PATHS = (
					"$(inherited)",
					"@executable_path/Frameworks",
				);
				MARKETING_VERSION = 1.0;
				PRODUCT_BUNDLE_IDENTIFIER = com.matt.PDFtts;
				PRODUCT_NAME = "$(TARGET_NAME)";
				SWIFT_EMIT_LOC_STRINGS = YES;
				SWIFT_VERSION = 5.0;
				TARGETED_DEVICE_FAMILY = "1,2";
			};
			name = Debug;
		};
		C9CB5D702E27851000043CD9 /* Release */ = {
			isa = XCBuildConfiguration;
			buildSettings = {
				ASSETCATALOG_COMPILER_APPICON_NAME = AppIcon;
				ASSETCATALOG_COMPILER_GLOBAL_ACCENT_COLOR_NAME = AccentColor;
				CODE_SIGN_STYLE = Automatic;
				CURRENT_PROJECT_VERSION = 1;
				DEVELOPMENT_TEAM = VM67MBLKD4;
				ENABLE_PREVIEWS = YES;
				GENERATE_INFOPLIST_FILE = YES;
				INFOPLIST_FILE = PDFtts/Info.plist;
				INFOPLIST_KEY_UIApplicationSceneManifest_Generation = YES;
				INFOPLIST_KEY_UIApplicationSupportsIndirectInputEvents = YES;
				INFOPLIST_KEY_UILaunchScreen_Generation = YES;
				INFOPLIST_KEY_UISupportedInterfaceOrientations_iPad = "UIInterfaceOrientationPortrait UIInterfaceOrientationPortraitUpsideDown UIInterfaceOrientationLandscapeLeft UIInterfaceOrientationLandscapeRight";
				INFOPLIST_KEY_UISupportedInterfaceOrientations_iPhone = "UIInterfaceOrientationPortrait UIInterfaceOrientationLandscapeLeft UIInterfaceOrientationLandscapeRight";
				LD_RUNPATH_SEARCH_PATHS = (
					"$(inherited)",
					"@executable_path/Frameworks",
				);
				MARKETING_VERSION = 1.0;
				PRODUCT_BUNDLE_IDENTIFIER = com.matt.PDFtts;
				PRODUCT_NAME = "$(TARGET_NAME)";
				SWIFT_EMIT_LOC_STRINGS = YES;
				SWIFT_VERSION = 5.0;
				TARGETED_DEVICE_FAMILY = "1,2";
			};
			name = Release;
		};
		C9CB5D722E27851000043CD9 /* Debug */ = {
			isa = XCBuildConfiguration;
			buildSettings = {
				BUNDLE_LOADER = "$(TEST_HOST)";
				CODE_SIGN_STYLE = Automatic;
				CURRENT_PROJECT_VERSION = 1;
				GENERATE_INFOPLIST_FILE = YES;
				IPHONEOS_DEPLOYMENT_TARGET = 18.5;
				MARKETING_VERSION = 1.0;
				PRODUCT_BUNDLE_IDENTIFIER = com.matt.PDFttsTests;
				PRODUCT_NAME = "$(TARGET_NAME)";
				SWIFT_EMIT_LOC_STRINGS = NO;
				SWIFT_VERSION = 5.0;
				TARGETED_DEVICE_FAMILY = "1,2";
				TEST_HOST = "$(BUILT_PRODUCTS_DIR)/PDFtts.app/$(BUNDLE_EXECUTABLE_FOLDER_PATH)/PDFtts";
			};
			name = Debug;
		};
		C9CB5D732E27851000043CD9 /* Release */ = {
			isa = XCBuildConfiguration;
			buildSettings = {
				BUNDLE_LOADER = "$(TEST_HOST)";
				CODE_SIGN_STYLE = Automatic;
				CURRENT_PROJECT_VERSION = 1;
				GENERATE_INFOPLIST_FILE = YES;
				IPHONEOS_DEPLOYMENT_TARGET = 18.5;
				MARKETING_VERSION = 1.0;
				PRODUCT_BUNDLE_IDENTIFIER = com.matt.PDFttsTests;
				PRODUCT_NAME = "$(TARGET_NAME)";
				SWIFT_EMIT_LOC_STRINGS = NO;
				SWIFT_VERSION = 5.0;
				TARGETED_DEVICE_FAMILY = "1,2";
				TEST_HOST = "$(BUILT_PRODUCTS_DIR)/PDFtts.app/$(BUNDLE_EXECUTABLE_FOLDER_PATH)/PDFtts";
			};
			name = Release;
		};
		C9CB5D752E27851000043CD9 /* Debug */ = {
			isa = XCBuildConfiguration;
			buildSettings = {
				CODE_SIGN_STYLE = Automatic;
				CURRENT_PROJECT_VERSION = 1;
				GENERATE_INFOPLIST_FILE = YES;
				MARKETING_VERSION = 1.0;
				PRODUCT_BUNDLE_IDENTIFIER = com.matt.PDFttsUITests;
				PRODUCT_NAME = "$(TARGET_NAME)";
				SWIFT_EMIT_LOC_STRINGS = NO;
				SWIFT_VERSION = 5.0;
				TARGETED_DEVICE_FAMILY = "1,2";
				TEST_TARGET_NAME = PDFtts;
			};
			name = Debug;
		};
		C9CB5D762E27851000043CD9 /* Release */ = {
			isa = XCBuildConfiguration;
			buildSettings = {
				CODE_SIGN_STYLE = Automatic;
				CURRENT_PROJECT_VERSION = 1;
				GENERATE_INFOPLIST_FILE = YES;
				MARKETING_VERSION = 1.0;
				PRODUCT_BUNDLE_IDENTIFIER = com.matt.PDFttsUITests;
				PRODUCT_NAME = "$(TARGET_NAME)";
				SWIFT_EMIT_LOC_STRINGS = NO;
				SWIFT_VERSION = 5.0;
				TARGETED_DEVICE_FAMILY = "1,2";
				TEST_TARGET_NAME = PDFtts;
			};
			name = Release;
		};
/* End XCBuildConfiguration section */

/* Begin XCConfigurationList section */
		C9CB5D482E27850F00043CD9 /* Build configuration list for PBXProject "PDFtts" */ = {
			isa = XCConfigurationList;
			buildConfigurations = (
				C9CB5D6C2E27851000043CD9 /* Debug */,
				C9CB5D6D2E27851000043CD9 /* Release */,
			);
			defaultConfigurationIsVisible = 0;
			defaultConfigurationName = Release;
		};
		C9CB5D6E2E27851000043CD9 /* Build configuration list for PBXNativeTarget "PDFtts" */ = {
			isa = XCConfigurationList;
			buildConfigurations = (
				C9CB5D6F2E27851000043CD9 /* Debug */,
				C9CB5D702E27851000043CD9 /* Release */,
			);
			defaultConfigurationIsVisible = 0;
			defaultConfigurationName = Release;
		};
		C9CB5D712E27851000043CD9 /* Build configuration list for PBXNativeTarget "PDFttsTests" */ = {
			isa = XCConfigurationList;
			buildConfigurations = (
				C9CB5D722E27851000043CD9 /* Debug */,
				C9CB5D732E27851000043CD9 /* Release */,
			);
			defaultConfigurationIsVisible = 0;
			defaultConfigurationName = Release;
		};
		C9CB5D742E27851000043CD9 /* Build configuration list for PBXNativeTarget "PDFttsUITests" */ = {
			isa = XCConfigurationList;
			buildConfigurations = (
				C9CB5D752E27851000043CD9 /* Debug */,
				C9CB5D762E27851000043CD9 /* Release */,
			);
			defaultConfigurationIsVisible = 0;
			defaultConfigurationName = Release;
		};
/* End XCConfigurationList section */
	};
	rootObject = C9CB5D452E27850F00043CD9 /* Project object */;
}
